// !$*UTF8*$!
{
	archiveVersion = 1;
	classes = {
	};
	objectVersion = 56;
	objects = {

/* Begin PBXBuildFile section */
		015945647F3AF129173D6F1C /* Pods_InstagramCloneTests.framework in Frameworks */ = {isa = PBXBuildFile; fileRef = FEF88651AEDD77E04EB93E39 /* Pods_InstagramCloneTests.framework */; };
		14A40E1233B3EB62D83F17A0 /* Pods_InstagramClone_InstagramCloneUITests.framework in Frameworks */ = {isa = PBXBuildFile; fileRef = F79D52DDC3B22F8F2CB2F322 /* Pods_InstagramClone_InstagramCloneUITests.framework */; };
		8A0917522C720E020030AC06 /* InstagramCloneApp.swift in Sources */ = {isa = PBXBuildFile; fileRef = 8A0917512C720E020030AC06 /* InstagramCloneApp.swift */; };
		8A0917542C720E020030AC06 /* ContentView.swift in Sources */ = {isa = PBXBuildFile; fileRef = 8A0917532C720E020030AC06 /* ContentView.swift */; };
		8A0917562C720E030030AC06 /* Assets.xcassets in Resources */ = {isa = PBXBuildFile; fileRef = 8A0917552C720E030030AC06 /* Assets.xcassets */; };
		8A0917592C720E030030AC06 /* Preview Assets.xcassets in Resources */ = {isa = PBXBuildFile; fileRef = 8A0917582C720E030030AC06 /* Preview Assets.xcassets */; };
		8A0917632C720E030030AC06 /* InstagramCloneTests.swift in Sources */ = {isa = PBXBuildFile; fileRef = 8A0917622C720E030030AC06 /* InstagramCloneTests.swift */; };
		8A09176D2C720E030030AC06 /* InstagramCloneUITests.swift in Sources */ = {isa = PBXBuildFile; fileRef = 8A09176C2C720E030030AC06 /* InstagramCloneUITests.swift */; };
		8A09176F2C720E030030AC06 /* InstagramCloneUITestsLaunchTests.swift in Sources */ = {isa = PBXBuildFile; fileRef = 8A09176E2C720E030030AC06 /* InstagramCloneUITestsLaunchTests.swift */; };
		8A0917892C7215060030AC06 /* MainTabBarView.swift in Sources */ = {isa = PBXBuildFile; fileRef = 8A0917882C7215060030AC06 /* MainTabBarView.swift */; };
		8A09178C2C7219200030AC06 /* HomeUIView.swift in Sources */ = {isa = PBXBuildFile; fileRef = 8A09178B2C7219200030AC06 /* HomeUIView.swift */; };
		8A09178F2C721B040030AC06 /* SearchUIView.swift in Sources */ = {isa = PBXBuildFile; fileRef = 8A09178E2C721B040030AC06 /* SearchUIView.swift */; };
		8A0917922C721B1D0030AC06 /* UploadUIView.swift in Sources */ = {isa = PBXBuildFile; fileRef = 8A0917912C721B1D0030AC06 /* UploadUIView.swift */; };
		8A0917952C721B3A0030AC06 /* ReelsUIView.swift in Sources */ = {isa = PBXBuildFile; fileRef = 8A0917942C721B3A0030AC06 /* ReelsUIView.swift */; };
		8A0917982C721B4C0030AC06 /* ProfileUIView.swift in Sources */ = {isa = PBXBuildFile; fileRef = 8A0917972C721B4C0030AC06 /* ProfileUIView.swift */; };
		8A09179B2C7227190030AC06 /* UserStatUIView.swift in Sources */ = {isa = PBXBuildFile; fileRef = 8A09179A2C7227190030AC06 /* UserStatUIView.swift */; };
		8A09179D2C7236840030AC06 /* GoogleService-Info.plist in Resources */ = {isa = PBXBuildFile; fileRef = 8A09179C2C7236840030AC06 /* GoogleService-Info.plist */; };
		8A19BDD42C7B425F007127C1 /* ContentViewModel.swift in Sources */ = {isa = PBXBuildFile; fileRef = 8A19BDD32C7B425F007127C1 /* ContentViewModel.swift */; };
		8A19BDD72C7B428C007127C1 /* AuthManager.swift in Sources */ = {isa = PBXBuildFile; fileRef = 8A19BDD62C7B428C007127C1 /* AuthManager.swift */; };
		8A19BDD92C7B467D007127C1 /* LoginViewModel.swift in Sources */ = {isa = PBXBuildFile; fileRef = 8A19BDD82C7B467D007127C1 /* LoginViewModel.swift */; };
		8A19BDDD2C7B4A29007127C1 /* AuthServiceProtocol.swift in Sources */ = {isa = PBXBuildFile; fileRef = 8A19BDDC2C7B4A29007127C1 /* AuthServiceProtocol.swift */; };
		8A2196BC2C723DC7001B4236 /* PostCellUIView.swift in Sources */ = {isa = PBXBuildFile; fileRef = 8A2196BB2C723DC7001B4236 /* PostCellUIView.swift */; };
		8A2196C02C7241BC001B4236 /* PostActionUIView.swift in Sources */ = {isa = PBXBuildFile; fileRef = 8A2196BF2C7241BC001B4236 /* PostActionUIView.swift */; };
		8A2196C22C7248A9001B4236 /* StoryCellUIView.swift in Sources */ = {isa = PBXBuildFile; fileRef = 8A2196C12C7248A9001B4236 /* StoryCellUIView.swift */; };
		8A27CF472C98C67B006B55ED /* EditProfileViewModel.swift in Sources */ = {isa = PBXBuildFile; fileRef = 8A27CF462C98C67B006B55ED /* EditProfileViewModel.swift */; };
		8A27CF4A2C98CA98006B55ED /* EditProfileRowView.swift in Sources */ = {isa = PBXBuildFile; fileRef = 8A27CF492C98CA98006B55ED /* EditProfileRowView.swift */; };
		8A27CF4D2C98D021006B55ED /* EditProfileToolBar.swift in Sources */ = {isa = PBXBuildFile; fileRef = 8A27CF4C2C98D021006B55ED /* EditProfileToolBar.swift */; };
		8A2894542C7B5071009B271D /* RegisterViewModel.swift in Sources */ = {isa = PBXBuildFile; fileRef = 8A2894532C7B5071009B271D /* RegisterViewModel.swift */; };
		8A2894562C7B6033009B271D /* DatabaseManager.swift in Sources */ = {isa = PBXBuildFile; fileRef = 8A2894552C7B6033009B271D /* DatabaseManager.swift */; };
		8A2894582C7B61BC009B271D /* AppUser.swift in Sources */ = {isa = PBXBuildFile; fileRef = 8A2894572C7B61BC009B271D /* AppUser.swift */; };
		8A28945A2C7B6269009B271D /* DatabaseConstants.swift in Sources */ = {isa = PBXBuildFile; fileRef = 8A2894592C7B6269009B271D /* DatabaseConstants.swift */; };
		8A5D6AC52C77B25D00D6966D /* LoginUIView.swift in Sources */ = {isa = PBXBuildFile; fileRef = 8A5D6AC42C77B25D00D6966D /* LoginUIView.swift */; };
		8A5D6ACC2C77C11700D6966D /* AddYourEmailUIView.swift in Sources */ = {isa = PBXBuildFile; fileRef = 8A5D6ACB2C77C11700D6966D /* AddYourEmailUIView.swift */; };
		8A5D6ACE2C77C2DF00D6966D /* CreatePasswordUIView.swift in Sources */ = {isa = PBXBuildFile; fileRef = 8A5D6ACD2C77C2DF00D6966D /* CreatePasswordUIView.swift */; };
		8A5D6AD02C77C31700D6966D /* CreateUsernameUIView.swift in Sources */ = {isa = PBXBuildFile; fileRef = 8A5D6ACF2C77C31700D6966D /* CreateUsernameUIView.swift */; };
		8A5D6AD22C77C5D000D6966D /* SignUpCompleteUIView.swift in Sources */ = {isa = PBXBuildFile; fileRef = 8A5D6AD12C77C5D000D6966D /* SignUpCompleteUIView.swift */; };
		8A6A95B22C7FAB1B009C00EE /* Post.swift in Sources */ = {isa = PBXBuildFile; fileRef = 8A6A95B12C7FAB1B009C00EE /* Post.swift */; };
		8A6A95B52C7FAEDE009C00EE /* Date+Extensions.swift in Sources */ = {isa = PBXBuildFile; fileRef = 8A6A95B42C7FAEDE009C00EE /* Date+Extensions.swift */; };
		8A6A95B72C7FB4D0009C00EE /* PostViewModel.swift in Sources */ = {isa = PBXBuildFile; fileRef = 8A6A95B62C7FB4D0009C00EE /* PostViewModel.swift */; };
		8A6A95BA2C7FB51F009C00EE /* Story.swift in Sources */ = {isa = PBXBuildFile; fileRef = 8A6A95B92C7FB51F009C00EE /* Story.swift */; };
		8A6A95BC2C7FBBAD009C00EE /* StoryViewModel.swift in Sources */ = {isa = PBXBuildFile; fileRef = 8A6A95BB2C7FBBAD009C00EE /* StoryViewModel.swift */; };
		8A7BE27A2C9A0B5000DBAB22 /* dummyVideo.mp4 in Resources */ = {isa = PBXBuildFile; fileRef = 8A9C77D22C767378002ACC18 /* dummyVideo.mp4 */; };
		8A9C77D42C7676EF002ACC18 /* Reel.swift in Sources */ = {isa = PBXBuildFile; fileRef = 8A9C77D32C7676EF002ACC18 /* Reel.swift */; };
		8A9C77D62C767747002ACC18 /* ReelCell.swift in Sources */ = {isa = PBXBuildFile; fileRef = 8A9C77D52C767747002ACC18 /* ReelCell.swift */; };
		8A9C77D92C767F40002ACC18 /* ReelItemUIView.swift in Sources */ = {isa = PBXBuildFile; fileRef = 8A9C77D82C767F40002ACC18 /* ReelItemUIView.swift */; };
		8A9D695C2C72879100704814 /* SearchResultUIView.swift in Sources */ = {isa = PBXBuildFile; fileRef = 8A9D695B2C72879100704814 /* SearchResultUIView.swift */; };
		8A9D695F2C728A5800704814 /* SearchDefaultUIView.swift in Sources */ = {isa = PBXBuildFile; fileRef = 8A9D695E2C728A5800704814 /* SearchDefaultUIView.swift */; };
		8A9D69632C72A23200704814 /* UploadViewModel.swift in Sources */ = {isa = PBXBuildFile; fileRef = 8A9D69622C72A23200704814 /* UploadViewModel.swift */; };
		8ADAA7BF2C98AF9C005730ED /* EditProfileUIView.swift in Sources */ = {isa = PBXBuildFile; fileRef = 8ADAA7BE2C98AF9C005730ED /* EditProfileUIView.swift */; };
		8ADAA7C22C98AFD7005730ED /* ProfileViewModel.swift in Sources */ = {isa = PBXBuildFile; fileRef = 8ADAA7C12C98AFD7005730ED /* ProfileViewModel.swift */; };
		8ADAA7C62C98BD55005730ED /* ProfileButtonView.swift in Sources */ = {isa = PBXBuildFile; fileRef = 8ADAA7C52C98BD55005730ED /* ProfileButtonView.swift */; };
		8ADC8A172C921F5D00093506 /* StoriesUploadUIView.swift in Sources */ = {isa = PBXBuildFile; fileRef = 8ADC8A162C921F5D00093506 /* StoriesUploadUIView.swift */; };
		8ADC8A192C921F6900093506 /* StoriesUIView.swift in Sources */ = {isa = PBXBuildFile; fileRef = 8ADC8A182C921F6900093506 /* StoriesUIView.swift */; };
		8ADC8A1B2C92236E00093506 /* UploadToolBar.swift in Sources */ = {isa = PBXBuildFile; fileRef = 8ADC8A1A2C92236E00093506 /* UploadToolBar.swift */; };
		8ADC8A1D2C9233DB00093506 /* StorageManager.swift in Sources */ = {isa = PBXBuildFile; fileRef = 8ADC8A1C2C9233DB00093506 /* StorageManager.swift */; };
		8AF6D41F2C7E5D510008314A /* HomeViewModel.swift in Sources */ = {isa = PBXBuildFile; fileRef = 8AF6D41E2C7E5D510008314A /* HomeViewModel.swift */; };
		98A9416860909F0D0758839B /* Pods_InstagramClone.framework in Frameworks */ = {isa = PBXBuildFile; fileRef = 7FEAAC6227CC8E6F032697F7 /* Pods_InstagramClone.framework */; };
/* End PBXBuildFile section */

/* Begin PBXContainerItemProxy section */
		8A09175F2C720E030030AC06 /* PBXContainerItemProxy */ = {
			isa = PBXContainerItemProxy;
			containerPortal = 8A0917462C720E020030AC06 /* Project object */;
			proxyType = 1;
			remoteGlobalIDString = 8A09174D2C720E020030AC06;
			remoteInfo = InstagramClone;
		};
		8A0917692C720E030030AC06 /* PBXContainerItemProxy */ = {
			isa = PBXContainerItemProxy;
			containerPortal = 8A0917462C720E020030AC06 /* Project object */;
			proxyType = 1;
			remoteGlobalIDString = 8A09174D2C720E020030AC06;
			remoteInfo = InstagramClone;
		};
/* End PBXContainerItemProxy section */

/* Begin PBXFileReference section */
		2273EEE14F909FF9C60FBEE7 /* Pods-InstagramCloneTests.release.xcconfig */ = {isa = PBXFileReference; includeInIndex = 1; lastKnownFileType = text.xcconfig; name = "Pods-InstagramCloneTests.release.xcconfig"; path = "Target Support Files/Pods-InstagramCloneTests/Pods-InstagramCloneTests.release.xcconfig"; sourceTree = "<group>"; };
		296346C5699D57C7CE124A0E /* Pods-InstagramClone-InstagramCloneUITests.debug.xcconfig */ = {isa = PBXFileReference; includeInIndex = 1; lastKnownFileType = text.xcconfig; name = "Pods-InstagramClone-InstagramCloneUITests.debug.xcconfig"; path = "Target Support Files/Pods-InstagramClone-InstagramCloneUITests/Pods-InstagramClone-InstagramCloneUITests.debug.xcconfig"; sourceTree = "<group>"; };
		2DF55997510AC8D54EF6DA3F /* Pods-InstagramCloneTests.debug.xcconfig */ = {isa = PBXFileReference; includeInIndex = 1; lastKnownFileType = text.xcconfig; name = "Pods-InstagramCloneTests.debug.xcconfig"; path = "Target Support Files/Pods-InstagramCloneTests/Pods-InstagramCloneTests.debug.xcconfig"; sourceTree = "<group>"; };
		5A7A72EDB62C37C0A6579395 /* Pods-InstagramClone-InstagramCloneUITests.release.xcconfig */ = {isa = PBXFileReference; includeInIndex = 1; lastKnownFileType = text.xcconfig; name = "Pods-InstagramClone-InstagramCloneUITests.release.xcconfig"; path = "Target Support Files/Pods-InstagramClone-InstagramCloneUITests/Pods-InstagramClone-InstagramCloneUITests.release.xcconfig"; sourceTree = "<group>"; };
		7FEAAC6227CC8E6F032697F7 /* Pods_InstagramClone.framework */ = {isa = PBXFileReference; explicitFileType = wrapper.framework; includeInIndex = 0; path = Pods_InstagramClone.framework; sourceTree = BUILT_PRODUCTS_DIR; };
		8A09174E2C720E020030AC06 /* InstagramClone.app */ = {isa = PBXFileReference; explicitFileType = wrapper.application; includeInIndex = 0; path = InstagramClone.app; sourceTree = BUILT_PRODUCTS_DIR; };
		8A0917512C720E020030AC06 /* InstagramCloneApp.swift */ = {isa = PBXFileReference; lastKnownFileType = sourcecode.swift; path = InstagramCloneApp.swift; sourceTree = "<group>"; };
		8A0917532C720E020030AC06 /* ContentView.swift */ = {isa = PBXFileReference; lastKnownFileType = sourcecode.swift; path = ContentView.swift; sourceTree = "<group>"; };
		8A0917552C720E030030AC06 /* Assets.xcassets */ = {isa = PBXFileReference; lastKnownFileType = folder.assetcatalog; path = Assets.xcassets; sourceTree = "<group>"; };
		8A0917582C720E030030AC06 /* Preview Assets.xcassets */ = {isa = PBXFileReference; lastKnownFileType = folder.assetcatalog; path = "Preview Assets.xcassets"; sourceTree = "<group>"; };
		8A09175E2C720E030030AC06 /* InstagramCloneTests.xctest */ = {isa = PBXFileReference; explicitFileType = wrapper.cfbundle; includeInIndex = 0; path = InstagramCloneTests.xctest; sourceTree = BUILT_PRODUCTS_DIR; };
		8A0917622C720E030030AC06 /* InstagramCloneTests.swift */ = {isa = PBXFileReference; lastKnownFileType = sourcecode.swift; path = InstagramCloneTests.swift; sourceTree = "<group>"; };
		8A0917682C720E030030AC06 /* InstagramCloneUITests.xctest */ = {isa = PBXFileReference; explicitFileType = wrapper.cfbundle; includeInIndex = 0; path = InstagramCloneUITests.xctest; sourceTree = BUILT_PRODUCTS_DIR; };
		8A09176C2C720E030030AC06 /* InstagramCloneUITests.swift */ = {isa = PBXFileReference; lastKnownFileType = sourcecode.swift; path = InstagramCloneUITests.swift; sourceTree = "<group>"; };
		8A09176E2C720E030030AC06 /* InstagramCloneUITestsLaunchTests.swift */ = {isa = PBXFileReference; lastKnownFileType = sourcecode.swift; path = InstagramCloneUITestsLaunchTests.swift; sourceTree = "<group>"; };
		8A0917882C7215060030AC06 /* MainTabBarView.swift */ = {isa = PBXFileReference; lastKnownFileType = sourcecode.swift; path = MainTabBarView.swift; sourceTree = "<group>"; };
		8A09178B2C7219200030AC06 /* HomeUIView.swift */ = {isa = PBXFileReference; lastKnownFileType = sourcecode.swift; path = HomeUIView.swift; sourceTree = "<group>"; };
		8A09178E2C721B040030AC06 /* SearchUIView.swift */ = {isa = PBXFileReference; lastKnownFileType = sourcecode.swift; path = SearchUIView.swift; sourceTree = "<group>"; };
		8A0917912C721B1D0030AC06 /* UploadUIView.swift */ = {isa = PBXFileReference; lastKnownFileType = sourcecode.swift; path = UploadUIView.swift; sourceTree = "<group>"; };
		8A0917942C721B3A0030AC06 /* ReelsUIView.swift */ = {isa = PBXFileReference; lastKnownFileType = sourcecode.swift; path = ReelsUIView.swift; sourceTree = "<group>"; };
		8A0917972C721B4C0030AC06 /* ProfileUIView.swift */ = {isa = PBXFileReference; lastKnownFileType = sourcecode.swift; path = ProfileUIView.swift; sourceTree = "<group>"; };
		8A09179A2C7227190030AC06 /* UserStatUIView.swift */ = {isa = PBXFileReference; lastKnownFileType = sourcecode.swift; path = UserStatUIView.swift; sourceTree = "<group>"; };
		8A09179C2C7236840030AC06 /* GoogleService-Info.plist */ = {isa = PBXFileReference; fileEncoding = 4; lastKnownFileType = text.plist.xml; path = "GoogleService-Info.plist"; sourceTree = SOURCE_ROOT; };
		8A19BDD32C7B425F007127C1 /* ContentViewModel.swift */ = {isa = PBXFileReference; lastKnownFileType = sourcecode.swift; path = ContentViewModel.swift; sourceTree = "<group>"; };
		8A19BDD62C7B428C007127C1 /* AuthManager.swift */ = {isa = PBXFileReference; lastKnownFileType = sourcecode.swift; path = AuthManager.swift; sourceTree = "<group>"; };
		8A19BDD82C7B467D007127C1 /* LoginViewModel.swift */ = {isa = PBXFileReference; lastKnownFileType = sourcecode.swift; path = LoginViewModel.swift; sourceTree = "<group>"; };
		8A19BDDC2C7B4A29007127C1 /* AuthServiceProtocol.swift */ = {isa = PBXFileReference; lastKnownFileType = sourcecode.swift; path = AuthServiceProtocol.swift; sourceTree = "<group>"; };
		8A2196BB2C723DC7001B4236 /* PostCellUIView.swift */ = {isa = PBXFileReference; lastKnownFileType = sourcecode.swift; path = PostCellUIView.swift; sourceTree = "<group>"; };
		8A2196BF2C7241BC001B4236 /* PostActionUIView.swift */ = {isa = PBXFileReference; lastKnownFileType = sourcecode.swift; path = PostActionUIView.swift; sourceTree = "<group>"; };
		8A2196C12C7248A9001B4236 /* StoryCellUIView.swift */ = {isa = PBXFileReference; lastKnownFileType = sourcecode.swift; path = StoryCellUIView.swift; sourceTree = "<group>"; };
		8A27CF462C98C67B006B55ED /* EditProfileViewModel.swift */ = {isa = PBXFileReference; lastKnownFileType = sourcecode.swift; path = EditProfileViewModel.swift; sourceTree = "<group>"; };
		8A27CF492C98CA98006B55ED /* EditProfileRowView.swift */ = {isa = PBXFileReference; lastKnownFileType = sourcecode.swift; path = EditProfileRowView.swift; sourceTree = "<group>"; };
		8A27CF4C2C98D021006B55ED /* EditProfileToolBar.swift */ = {isa = PBXFileReference; lastKnownFileType = sourcecode.swift; path = EditProfileToolBar.swift; sourceTree = "<group>"; };
		8A2894532C7B5071009B271D /* RegisterViewModel.swift */ = {isa = PBXFileReference; lastKnownFileType = sourcecode.swift; path = RegisterViewModel.swift; sourceTree = "<group>"; };
		8A2894552C7B6033009B271D /* DatabaseManager.swift */ = {isa = PBXFileReference; lastKnownFileType = sourcecode.swift; path = DatabaseManager.swift; sourceTree = "<group>"; };
		8A2894572C7B61BC009B271D /* AppUser.swift */ = {isa = PBXFileReference; lastKnownFileType = sourcecode.swift; path = AppUser.swift; sourceTree = "<group>"; };
		8A2894592C7B6269009B271D /* DatabaseConstants.swift */ = {isa = PBXFileReference; lastKnownFileType = sourcecode.swift; path = DatabaseConstants.swift; sourceTree = "<group>"; };
		8A5D6AC42C77B25D00D6966D /* LoginUIView.swift */ = {isa = PBXFileReference; lastKnownFileType = sourcecode.swift; path = LoginUIView.swift; sourceTree = "<group>"; };
		8A5D6ACB2C77C11700D6966D /* AddYourEmailUIView.swift */ = {isa = PBXFileReference; lastKnownFileType = sourcecode.swift; path = AddYourEmailUIView.swift; sourceTree = "<group>"; };
		8A5D6ACD2C77C2DF00D6966D /* CreatePasswordUIView.swift */ = {isa = PBXFileReference; lastKnownFileType = sourcecode.swift; path = CreatePasswordUIView.swift; sourceTree = "<group>"; };
		8A5D6ACF2C77C31700D6966D /* CreateUsernameUIView.swift */ = {isa = PBXFileReference; lastKnownFileType = sourcecode.swift; path = CreateUsernameUIView.swift; sourceTree = "<group>"; };
		8A5D6AD12C77C5D000D6966D /* SignUpCompleteUIView.swift */ = {isa = PBXFileReference; lastKnownFileType = sourcecode.swift; path = SignUpCompleteUIView.swift; sourceTree = "<group>"; };
		8A6A95B12C7FAB1B009C00EE /* Post.swift */ = {isa = PBXFileReference; lastKnownFileType = sourcecode.swift; path = Post.swift; sourceTree = "<group>"; };
		8A6A95B42C7FAEDE009C00EE /* Date+Extensions.swift */ = {isa = PBXFileReference; lastKnownFileType = sourcecode.swift; path = "Date+Extensions.swift"; sourceTree = "<group>"; };
		8A6A95B62C7FB4D0009C00EE /* PostViewModel.swift */ = {isa = PBXFileReference; lastKnownFileType = sourcecode.swift; path = PostViewModel.swift; sourceTree = "<group>"; };
		8A6A95B92C7FB51F009C00EE /* Story.swift */ = {isa = PBXFileReference; lastKnownFileType = sourcecode.swift; path = Story.swift; sourceTree = "<group>"; };
		8A6A95BB2C7FBBAD009C00EE /* StoryViewModel.swift */ = {isa = PBXFileReference; lastKnownFileType = sourcecode.swift; path = StoryViewModel.swift; sourceTree = "<group>"; };
		8A9C77D22C767378002ACC18 /* dummyVideo.mp4 */ = {isa = PBXFileReference; lastKnownFileType = file; path = dummyVideo.mp4; sourceTree = "<group>"; };
		8A9C77D32C7676EF002ACC18 /* Reel.swift */ = {isa = PBXFileReference; lastKnownFileType = sourcecode.swift; path = Reel.swift; sourceTree = "<group>"; };
		8A9C77D52C767747002ACC18 /* ReelCell.swift */ = {isa = PBXFileReference; lastKnownFileType = sourcecode.swift; path = ReelCell.swift; sourceTree = "<group>"; };
		8A9C77D82C767F40002ACC18 /* ReelItemUIView.swift */ = {isa = PBXFileReference; lastKnownFileType = sourcecode.swift; path = ReelItemUIView.swift; sourceTree = "<group>"; };
		8A9D695B2C72879100704814 /* SearchResultUIView.swift */ = {isa = PBXFileReference; lastKnownFileType = sourcecode.swift; path = SearchResultUIView.swift; sourceTree = "<group>"; };
		8A9D695E2C728A5800704814 /* SearchDefaultUIView.swift */ = {isa = PBXFileReference; lastKnownFileType = sourcecode.swift; path = SearchDefaultUIView.swift; sourceTree = "<group>"; };
		8A9D69622C72A23200704814 /* UploadViewModel.swift */ = {isa = PBXFileReference; lastKnownFileType = sourcecode.swift; path = UploadViewModel.swift; sourceTree = "<group>"; };
		8ADAA7BE2C98AF9C005730ED /* EditProfileUIView.swift */ = {isa = PBXFileReference; lastKnownFileType = sourcecode.swift; path = EditProfileUIView.swift; sourceTree = "<group>"; };
		8ADAA7C12C98AFD7005730ED /* ProfileViewModel.swift */ = {isa = PBXFileReference; lastKnownFileType = sourcecode.swift; path = ProfileViewModel.swift; sourceTree = "<group>"; };
		8ADAA7C52C98BD55005730ED /* ProfileButtonView.swift */ = {isa = PBXFileReference; lastKnownFileType = sourcecode.swift; path = ProfileButtonView.swift; sourceTree = "<group>"; };
		8ADC8A162C921F5D00093506 /* StoriesUploadUIView.swift */ = {isa = PBXFileReference; lastKnownFileType = sourcecode.swift; path = StoriesUploadUIView.swift; sourceTree = "<group>"; };
		8ADC8A182C921F6900093506 /* StoriesUIView.swift */ = {isa = PBXFileReference; lastKnownFileType = sourcecode.swift; path = StoriesUIView.swift; sourceTree = "<group>"; };
		8ADC8A1A2C92236E00093506 /* UploadToolBar.swift */ = {isa = PBXFileReference; lastKnownFileType = sourcecode.swift; path = UploadToolBar.swift; sourceTree = "<group>"; };
		8ADC8A1C2C9233DB00093506 /* StorageManager.swift */ = {isa = PBXFileReference; lastKnownFileType = sourcecode.swift; path = StorageManager.swift; sourceTree = "<group>"; };
		8AF6D41E2C7E5D510008314A /* HomeViewModel.swift */ = {isa = PBXFileReference; lastKnownFileType = sourcecode.swift; path = HomeViewModel.swift; sourceTree = "<group>"; };
		D21749654268BE24867719C1 /* Pods-InstagramClone.debug.xcconfig */ = {isa = PBXFileReference; includeInIndex = 1; lastKnownFileType = text.xcconfig; name = "Pods-InstagramClone.debug.xcconfig"; path = "Target Support Files/Pods-InstagramClone/Pods-InstagramClone.debug.xcconfig"; sourceTree = "<group>"; };
		E78ABAE9A63F127AFAA6F948 /* Pods-InstagramClone.release.xcconfig */ = {isa = PBXFileReference; includeInIndex = 1; lastKnownFileType = text.xcconfig; name = "Pods-InstagramClone.release.xcconfig"; path = "Target Support Files/Pods-InstagramClone/Pods-InstagramClone.release.xcconfig"; sourceTree = "<group>"; };
		F79D52DDC3B22F8F2CB2F322 /* Pods_InstagramClone_InstagramCloneUITests.framework */ = {isa = PBXFileReference; explicitFileType = wrapper.framework; includeInIndex = 0; path = Pods_InstagramClone_InstagramCloneUITests.framework; sourceTree = BUILT_PRODUCTS_DIR; };
		FEF88651AEDD77E04EB93E39 /* Pods_InstagramCloneTests.framework */ = {isa = PBXFileReference; explicitFileType = wrapper.framework; includeInIndex = 0; path = Pods_InstagramCloneTests.framework; sourceTree = BUILT_PRODUCTS_DIR; };
/* End PBXFileReference section */

/* Begin PBXFrameworksBuildPhase section */
		8A09174B2C720E020030AC06 /* Frameworks */ = {
			isa = PBXFrameworksBuildPhase;
			buildActionMask = 2147483647;
			files = (
				98A9416860909F0D0758839B /* Pods_InstagramClone.framework in Frameworks */,
			);
			runOnlyForDeploymentPostprocessing = 0;
		};
		8A09175B2C720E030030AC06 /* Frameworks */ = {
			isa = PBXFrameworksBuildPhase;
			buildActionMask = 2147483647;
			files = (
				015945647F3AF129173D6F1C /* Pods_InstagramCloneTests.framework in Frameworks */,
			);
			runOnlyForDeploymentPostprocessing = 0;
		};
		8A0917652C720E030030AC06 /* Frameworks */ = {
			isa = PBXFrameworksBuildPhase;
			buildActionMask = 2147483647;
			files = (
				14A40E1233B3EB62D83F17A0 /* Pods_InstagramClone_InstagramCloneUITests.framework in Frameworks */,
			);
			runOnlyForDeploymentPostprocessing = 0;
		};
/* End PBXFrameworksBuildPhase section */

/* Begin PBXGroup section */
		51DF4E264C55FC8B77098012 /* Pods */ = {
			isa = PBXGroup;
			children = (
				D21749654268BE24867719C1 /* Pods-InstagramClone.debug.xcconfig */,
				E78ABAE9A63F127AFAA6F948 /* Pods-InstagramClone.release.xcconfig */,
				296346C5699D57C7CE124A0E /* Pods-InstagramClone-InstagramCloneUITests.debug.xcconfig */,
				5A7A72EDB62C37C0A6579395 /* Pods-InstagramClone-InstagramCloneUITests.release.xcconfig */,
				2DF55997510AC8D54EF6DA3F /* Pods-InstagramCloneTests.debug.xcconfig */,
				2273EEE14F909FF9C60FBEE7 /* Pods-InstagramCloneTests.release.xcconfig */,
			);
			path = Pods;
			sourceTree = "<group>";
		};
		6377EE2FBE18CA628AD1BAEB /* Frameworks */ = {
			isa = PBXGroup;
			children = (
				7FEAAC6227CC8E6F032697F7 /* Pods_InstagramClone.framework */,
				F79D52DDC3B22F8F2CB2F322 /* Pods_InstagramClone_InstagramCloneUITests.framework */,
				FEF88651AEDD77E04EB93E39 /* Pods_InstagramCloneTests.framework */,
			);
			name = Frameworks;
			sourceTree = "<group>";
		};
		8A0917452C720E020030AC06 = {
			isa = PBXGroup;
			children = (
				8A0917502C720E020030AC06 /* InstagramClone */,
				8A0917612C720E030030AC06 /* InstagramCloneTests */,
				8A09176B2C720E030030AC06 /* InstagramCloneUITests */,
				8A09174F2C720E020030AC06 /* Products */,
				51DF4E264C55FC8B77098012 /* Pods */,
				6377EE2FBE18CA628AD1BAEB /* Frameworks */,
			);
			sourceTree = "<group>";
		};
		8A09174F2C720E020030AC06 /* Products */ = {
			isa = PBXGroup;
			children = (
				8A09174E2C720E020030AC06 /* InstagramClone.app */,
				8A09175E2C720E030030AC06 /* InstagramCloneTests.xctest */,
				8A0917682C720E030030AC06 /* InstagramCloneUITests.xctest */,
			);
			name = Products;
			sourceTree = "<group>";
		};
		8A0917502C720E020030AC06 /* InstagramClone */ = {
			isa = PBXGroup;
			children = (
				8A6A95B32C7FADE7009C00EE /* Utils */,
				8A0917842C7214190030AC06 /* Constants */,
				8A09177B2C7212140030AC06 /* Networking */,
				8A09177C2C72121A0030AC06 /* Core */,
				8A19BDDA2C7B49EF007127C1 /* Protocols */,
				8A09177E2C72123C0030AC06 /* Model */,
				8A09177D2C7212210030AC06 /* Extensions */,
				8A0917852C72144D0030AC06 /* Resources */,
				8A0917512C720E020030AC06 /* InstagramCloneApp.swift */,
				8A09179C2C7236840030AC06 /* GoogleService-Info.plist */,
				8A0917572C720E030030AC06 /* Preview Content */,
			);
			path = InstagramClone;
			sourceTree = "<group>";
		};
		8A0917572C720E030030AC06 /* Preview Content */ = {
			isa = PBXGroup;
			children = (
				8A0917582C720E030030AC06 /* Preview Assets.xcassets */,
			);
			path = "Preview Content";
			sourceTree = "<group>";
		};
		8A0917612C720E030030AC06 /* InstagramCloneTests */ = {
			isa = PBXGroup;
			children = (
				8A0917622C720E030030AC06 /* InstagramCloneTests.swift */,
			);
			path = InstagramCloneTests;
			sourceTree = "<group>";
		};
		8A09176B2C720E030030AC06 /* InstagramCloneUITests */ = {
			isa = PBXGroup;
			children = (
				8A09176C2C720E030030AC06 /* InstagramCloneUITests.swift */,
				8A09176E2C720E030030AC06 /* InstagramCloneUITestsLaunchTests.swift */,
			);
			path = InstagramCloneUITests;
			sourceTree = "<group>";
		};
		8A09177B2C7212140030AC06 /* Networking */ = {
			isa = PBXGroup;
			children = (
				8A19BDD62C7B428C007127C1 /* AuthManager.swift */,
				8A2894552C7B6033009B271D /* DatabaseManager.swift */,
				8ADC8A1C2C9233DB00093506 /* StorageManager.swift */,
			);
			path = Networking;
			sourceTree = "<group>";
		};
		8A09177C2C72121A0030AC06 /* Core */ = {
			isa = PBXGroup;
			children = (
				8ADAA7BB2C98AF7C005730ED /* EditProfile */,
				8ADC8A132C921F3100093506 /* StoriesUpload */,
				8ADC8A122C921F2200093506 /* Stories */,
				8A19BDD02C7B4239007127C1 /* Root */,
				8A5D6AC62C77C0AA00D6966D /* Authentication */,
				8A09177F2C7212520030AC06 /* MainTabBar */,
				8A0917802C7213150030AC06 /* Home */,
				8A0917812C72131F0030AC06 /* Search */,
				8A0917862C7214A50030AC06 /* PostUpload */,
				8A0917822C72132D0030AC06 /* Reels */,
				8A0917832C72133A0030AC06 /* Profile */,
			);
			path = Core;
			sourceTree = "<group>";
		};
		8A09177D2C7212210030AC06 /* Extensions */ = {
			isa = PBXGroup;
			children = (
				8A6A95B42C7FAEDE009C00EE /* Date+Extensions.swift */,
			);
			path = Extensions;
			sourceTree = "<group>";
		};
		8A09177E2C72123C0030AC06 /* Model */ = {
			isa = PBXGroup;
			children = (
				8A9C77D32C7676EF002ACC18 /* Reel.swift */,
				8A2894572C7B61BC009B271D /* AppUser.swift */,
				8A6A95B12C7FAB1B009C00EE /* Post.swift */,
				8A6A95B92C7FB51F009C00EE /* Story.swift */,
			);
			path = Model;
			sourceTree = "<group>";
		};
		8A09177F2C7212520030AC06 /* MainTabBar */ = {
			isa = PBXGroup;
			children = (
				8A0917872C7214C10030AC06 /* View */,
			);
			path = MainTabBar;
			sourceTree = "<group>";
		};
		8A0917802C7213150030AC06 /* Home */ = {
			isa = PBXGroup;
			children = (
				8AF6D41D2C7E5D320008314A /* ViewModel */,
				8A2196BD2C72417B001B4236 /* Components */,
				8A09178A2C7219120030AC06 /* View */,
			);
			path = Home;
			sourceTree = "<group>";
		};
		8A0917812C72131F0030AC06 /* Search */ = {
			isa = PBXGroup;
			children = (
				8A09178D2C721AF70030AC06 /* View */,
			);
			path = Search;
			sourceTree = "<group>";
		};
		8A0917822C72132D0030AC06 /* Reels */ = {
			isa = PBXGroup;
			children = (
				8A9C77D72C767F27002ACC18 /* Components */,
				8A0917932C721B2E0030AC06 /* View */,
			);
			path = Reels;
			sourceTree = "<group>";
		};
		8A0917832C72133A0030AC06 /* Profile */ = {
			isa = PBXGroup;
			children = (
				8ADAA7C02C98AFC3005730ED /* ViewModel */,
				8A0917992C7227070030AC06 /* Components */,
				8A0917962C721B3F0030AC06 /* View */,
			);
			path = Profile;
			sourceTree = "<group>";
		};
		8A0917842C7214190030AC06 /* Constants */ = {
			isa = PBXGroup;
			children = (
				8A2894592C7B6269009B271D /* DatabaseConstants.swift */,
			);
			path = Constants;
			sourceTree = "<group>";
		};
		8A0917852C72144D0030AC06 /* Resources */ = {
			isa = PBXGroup;
			children = (
				8A9C77D22C767378002ACC18 /* dummyVideo.mp4 */,
				8A0917552C720E030030AC06 /* Assets.xcassets */,
			);
			path = Resources;
			sourceTree = "<group>";
		};
		8A0917862C7214A50030AC06 /* PostUpload */ = {
			isa = PBXGroup;
			children = (
				8A27CF4B2C98CFF4006B55ED /* Components */,
				8A9D69612C72A21E00704814 /* ViewModel */,
				8A0917902C721B110030AC06 /* View */,
			);
			path = PostUpload;
			sourceTree = "<group>";
		};
		8A0917872C7214C10030AC06 /* View */ = {
			isa = PBXGroup;
			children = (
				8A0917882C7215060030AC06 /* MainTabBarView.swift */,
			);
			path = View;
			sourceTree = "<group>";
		};
		8A09178A2C7219120030AC06 /* View */ = {
			isa = PBXGroup;
			children = (
				8A09178B2C7219200030AC06 /* HomeUIView.swift */,
				8A2196BB2C723DC7001B4236 /* PostCellUIView.swift */,
				8A2196C12C7248A9001B4236 /* StoryCellUIView.swift */,
			);
			path = View;
			sourceTree = "<group>";
		};
		8A09178D2C721AF70030AC06 /* View */ = {
			isa = PBXGroup;
			children = (
				8A9D695B2C72879100704814 /* SearchResultUIView.swift */,
				8A9D695E2C728A5800704814 /* SearchDefaultUIView.swift */,
				8A09178E2C721B040030AC06 /* SearchUIView.swift */,
			);
			path = View;
			sourceTree = "<group>";
		};
		8A0917902C721B110030AC06 /* View */ = {
			isa = PBXGroup;
			children = (
				8A0917912C721B1D0030AC06 /* UploadUIView.swift */,
			);
			path = View;
			sourceTree = "<group>";
		};
		8A0917932C721B2E0030AC06 /* View */ = {
			isa = PBXGroup;
			children = (
				8A0917942C721B3A0030AC06 /* ReelsUIView.swift */,
				8A9C77D52C767747002ACC18 /* ReelCell.swift */,
			);
			path = View;
			sourceTree = "<group>";
		};
		8A0917962C721B3F0030AC06 /* View */ = {
			isa = PBXGroup;
			children = (
				8A0917972C721B4C0030AC06 /* ProfileUIView.swift */,
			);
			path = View;
			sourceTree = "<group>";
		};
		8A0917992C7227070030AC06 /* Components */ = {
			isa = PBXGroup;
			children = (
				8A09179A2C7227190030AC06 /* UserStatUIView.swift */,
				8ADAA7C52C98BD55005730ED /* ProfileButtonView.swift */,
			);
			path = Components;
			sourceTree = "<group>";
		};
		8A19BDD02C7B4239007127C1 /* Root */ = {
			isa = PBXGroup;
			children = (
				8A19BDD22C7B424D007127C1 /* ViewModel */,
				8A19BDD12C7B423E007127C1 /* View */,
			);
			path = Root;
			sourceTree = "<group>";
		};
		8A19BDD12C7B423E007127C1 /* View */ = {
			isa = PBXGroup;
			children = (
				8A0917532C720E020030AC06 /* ContentView.swift */,
			);
			path = View;
			sourceTree = "<group>";
		};
		8A19BDD22C7B424D007127C1 /* ViewModel */ = {
			isa = PBXGroup;
			children = (
				8A19BDD32C7B425F007127C1 /* ContentViewModel.swift */,
			);
			path = ViewModel;
			sourceTree = "<group>";
		};
		8A19BDD52C7B427A007127C1 /* ViewModel */ = {
			isa = PBXGroup;
			children = (
				8A19BDD82C7B467D007127C1 /* LoginViewModel.swift */,
			);
			path = ViewModel;
			sourceTree = "<group>";
		};
		8A19BDDA2C7B49EF007127C1 /* Protocols */ = {
			isa = PBXGroup;
			children = (
				8A19BDDB2C7B4A05007127C1 /* Authentication */,
			);
			path = Protocols;
			sourceTree = "<group>";
		};
		8A19BDDB2C7B4A05007127C1 /* Authentication */ = {
			isa = PBXGroup;
			children = (
				8A19BDDC2C7B4A29007127C1 /* AuthServiceProtocol.swift */,
			);
			path = Authentication;
			sourceTree = "<group>";
		};
		8A2196BD2C72417B001B4236 /* Components */ = {
			isa = PBXGroup;
			children = (
				8A2196BF2C7241BC001B4236 /* PostActionUIView.swift */,
			);
			path = Components;
			sourceTree = "<group>";
		};
		8A27CF482C98CA51006B55ED /* Components */ = {
			isa = PBXGroup;
			children = (
				8A27CF492C98CA98006B55ED /* EditProfileRowView.swift */,
				8A27CF4C2C98D021006B55ED /* EditProfileToolBar.swift */,
			);
			path = Components;
			sourceTree = "<group>";
		};
		8A27CF4B2C98CFF4006B55ED /* Components */ = {
			isa = PBXGroup;
			children = (
				8ADC8A1A2C92236E00093506 /* UploadToolBar.swift */,
			);
			path = Components;
			sourceTree = "<group>";
		};
		8A2894522C7B5059009B271D /* ViewModel */ = {
			isa = PBXGroup;
			children = (
				8A2894532C7B5071009B271D /* RegisterViewModel.swift */,
			);
			path = ViewModel;
			sourceTree = "<group>";
		};
		8A5D6AC22C77B24200D6966D /* Login */ = {
			isa = PBXGroup;
			children = (
				8A19BDD52C7B427A007127C1 /* ViewModel */,
				8A5D6AC32C77B24D00D6966D /* View */,
			);
			path = Login;
			sourceTree = "<group>";
		};
		8A5D6AC32C77B24D00D6966D /* View */ = {
			isa = PBXGroup;
			children = (
				8A5D6AC42C77B25D00D6966D /* LoginUIView.swift */,
			);
			path = View;
			sourceTree = "<group>";
		};
		8A5D6AC62C77C0AA00D6966D /* Authentication */ = {
			isa = PBXGroup;
			children = (
				8A5D6AC22C77B24200D6966D /* Login */,
				8A5D6AC72C77C0D000D6966D /* Register */,
			);
			path = Authentication;
			sourceTree = "<group>";
		};
		8A5D6AC72C77C0D000D6966D /* Register */ = {
			isa = PBXGroup;
			children = (
				8A2894522C7B5059009B271D /* ViewModel */,
				8A5D6AC82C77C0E100D6966D /* View */,
			);
			path = Register;
			sourceTree = "<group>";
		};
		8A5D6AC82C77C0E100D6966D /* View */ = {
			isa = PBXGroup;
			children = (
				8A5D6ACB2C77C11700D6966D /* AddYourEmailUIView.swift */,
				8A5D6ACF2C77C31700D6966D /* CreateUsernameUIView.swift */,
				8A5D6ACD2C77C2DF00D6966D /* CreatePasswordUIView.swift */,
				8A5D6AD12C77C5D000D6966D /* SignUpCompleteUIView.swift */,
			);
			path = View;
			sourceTree = "<group>";
		};
		8A6A95B32C7FADE7009C00EE /* Utils */ = {
			isa = PBXGroup;
			children = (
			);
			path = Utils;
			sourceTree = "<group>";
		};
		8A9C77D72C767F27002ACC18 /* Components */ = {
			isa = PBXGroup;
			children = (
				8A9C77D82C767F40002ACC18 /* ReelItemUIView.swift */,
			);
			path = Components;
			sourceTree = "<group>";
		};
		8A9D69612C72A21E00704814 /* ViewModel */ = {
			isa = PBXGroup;
			children = (
				8A9D69622C72A23200704814 /* UploadViewModel.swift */,
			);
			path = ViewModel;
			sourceTree = "<group>";
		};
		8ADAA7BB2C98AF7C005730ED /* EditProfile */ = {
			isa = PBXGroup;
			children = (
				8A27CF482C98CA51006B55ED /* Components */,
				8ADAA7BD2C98AF88005730ED /* ViewModel */,
				8ADAA7BC2C98AF85005730ED /* View */,
			);
			path = EditProfile;
			sourceTree = "<group>";
		};
		8ADAA7BC2C98AF85005730ED /* View */ = {
			isa = PBXGroup;
			children = (
				8ADAA7BE2C98AF9C005730ED /* EditProfileUIView.swift */,
			);
			path = View;
			sourceTree = "<group>";
		};
		8ADAA7BD2C98AF88005730ED /* ViewModel */ = {
			isa = PBXGroup;
			children = (
				8A27CF462C98C67B006B55ED /* EditProfileViewModel.swift */,
			);
			path = ViewModel;
			sourceTree = "<group>";
		};
		8ADAA7C02C98AFC3005730ED /* ViewModel */ = {
			isa = PBXGroup;
			children = (
				8ADAA7C12C98AFD7005730ED /* ProfileViewModel.swift */,
			);
			path = ViewModel;
			sourceTree = "<group>";
		};
		8ADC8A122C921F2200093506 /* Stories */ = {
			isa = PBXGroup;
			children = (
				8ADC8A152C921F4800093506 /* View */,
			);
			path = Stories;
			sourceTree = "<group>";
		};
		8ADC8A132C921F3100093506 /* StoriesUpload */ = {
			isa = PBXGroup;
			children = (
				8ADC8A142C921F4400093506 /* View */,
			);
			path = StoriesUpload;
			sourceTree = "<group>";
		};
		8ADC8A142C921F4400093506 /* View */ = {
			isa = PBXGroup;
			children = (
				8ADC8A162C921F5D00093506 /* StoriesUploadUIView.swift */,
			);
			path = View;
			sourceTree = "<group>";
		};
		8ADC8A152C921F4800093506 /* View */ = {
			isa = PBXGroup;
			children = (
				8ADC8A182C921F6900093506 /* StoriesUIView.swift */,
			);
			path = View;
			sourceTree = "<group>";
		};
		8AF6D41D2C7E5D320008314A /* ViewModel */ = {
			isa = PBXGroup;
			children = (
				8AF6D41E2C7E5D510008314A /* HomeViewModel.swift */,
				8A6A95B62C7FB4D0009C00EE /* PostViewModel.swift */,
				8A6A95BB2C7FBBAD009C00EE /* StoryViewModel.swift */,
			);
			path = ViewModel;
			sourceTree = "<group>";
		};
/* End PBXGroup section */

/* Begin PBXNativeTarget section */
		8A09174D2C720E020030AC06 /* InstagramClone */ = {
			isa = PBXNativeTarget;
			buildConfigurationList = 8A0917722C720E030030AC06 /* Build configuration list for PBXNativeTarget "InstagramClone" */;
			buildPhases = (
				1433A2AD04AF7DEE1E25B844 /* [CP] Check Pods Manifest.lock */,
				8A09174A2C720E020030AC06 /* Sources */,
				8A09174B2C720E020030AC06 /* Frameworks */,
				8A09174C2C720E020030AC06 /* Resources */,
				1E0CD44F178AD6B9ED452030 /* [CP] Embed Pods Frameworks */,
			);
			buildRules = (
			);
			dependencies = (
			);
			name = InstagramClone;
			productName = InstagramClone;
			productReference = 8A09174E2C720E020030AC06 /* InstagramClone.app */;
			productType = "com.apple.product-type.application";
		};
		8A09175D2C720E030030AC06 /* InstagramCloneTests */ = {
			isa = PBXNativeTarget;
			buildConfigurationList = 8A0917752C720E030030AC06 /* Build configuration list for PBXNativeTarget "InstagramCloneTests" */;
			buildPhases = (
				A392F8FA3F373D4F1FFC682A /* [CP] Check Pods Manifest.lock */,
				8A09175A2C720E030030AC06 /* Sources */,
				8A09175B2C720E030030AC06 /* Frameworks */,
				8A09175C2C720E030030AC06 /* Resources */,
			);
			buildRules = (
			);
			dependencies = (
				8A0917602C720E030030AC06 /* PBXTargetDependency */,
			);
			name = InstagramCloneTests;
			productName = InstagramCloneTests;
			productReference = 8A09175E2C720E030030AC06 /* InstagramCloneTests.xctest */;
			productType = "com.apple.product-type.bundle.unit-test";
		};
		8A0917672C720E030030AC06 /* InstagramCloneUITests */ = {
			isa = PBXNativeTarget;
			buildConfigurationList = 8A0917782C720E030030AC06 /* Build configuration list for PBXNativeTarget "InstagramCloneUITests" */;
			buildPhases = (
				78F7202767A59EAA965FAA93 /* [CP] Check Pods Manifest.lock */,
				8A0917642C720E030030AC06 /* Sources */,
				8A0917652C720E030030AC06 /* Frameworks */,
				8A0917662C720E030030AC06 /* Resources */,
				6A2EB505C9EC77DCFD5F1638 /* [CP] Embed Pods Frameworks */,
			);
			buildRules = (
			);
			dependencies = (
				8A09176A2C720E030030AC06 /* PBXTargetDependency */,
			);
			name = InstagramCloneUITests;
			productName = InstagramCloneUITests;
			productReference = 8A0917682C720E030030AC06 /* InstagramCloneUITests.xctest */;
			productType = "com.apple.product-type.bundle.ui-testing";
		};
/* End PBXNativeTarget section */

/* Begin PBXProject section */
		8A0917462C720E020030AC06 /* Project object */ = {
			isa = PBXProject;
			attributes = {
				BuildIndependentTargetsInParallel = 1;
				LastSwiftUpdateCheck = 1540;
				LastUpgradeCheck = 1540;
				TargetAttributes = {
					8A09174D2C720E020030AC06 = {
						CreatedOnToolsVersion = 15.4;
					};
					8A09175D2C720E030030AC06 = {
						CreatedOnToolsVersion = 15.4;
						TestTargetID = 8A09174D2C720E020030AC06;
					};
					8A0917672C720E030030AC06 = {
						CreatedOnToolsVersion = 15.4;
						TestTargetID = 8A09174D2C720E020030AC06;
					};
				};
			};
			buildConfigurationList = 8A0917492C720E020030AC06 /* Build configuration list for PBXProject "InstagramClone" */;
			compatibilityVersion = "Xcode 14.0";
			developmentRegion = en;
			hasScannedForEncodings = 0;
			knownRegions = (
				en,
				Base,
			);
			mainGroup = 8A0917452C720E020030AC06;
			productRefGroup = 8A09174F2C720E020030AC06 /* Products */;
			projectDirPath = "";
			projectRoot = "";
			targets = (
				8A09174D2C720E020030AC06 /* InstagramClone */,
				8A09175D2C720E030030AC06 /* InstagramCloneTests */,
				8A0917672C720E030030AC06 /* InstagramCloneUITests */,
			);
		};
/* End PBXProject section */

/* Begin PBXResourcesBuildPhase section */
		8A09174C2C720E020030AC06 /* Resources */ = {
			isa = PBXResourcesBuildPhase;
			buildActionMask = 2147483647;
			files = (
				8A7BE27A2C9A0B5000DBAB22 /* dummyVideo.mp4 in Resources */,
				8A0917592C720E030030AC06 /* Preview Assets.xcassets in Resources */,
				8A0917562C720E030030AC06 /* Assets.xcassets in Resources */,
				8A09179D2C7236840030AC06 /* GoogleService-Info.plist in Resources */,
			);
			runOnlyForDeploymentPostprocessing = 0;
		};
		8A09175C2C720E030030AC06 /* Resources */ = {
			isa = PBXResourcesBuildPhase;
			buildActionMask = 2147483647;
			files = (
			);
			runOnlyForDeploymentPostprocessing = 0;
		};
		8A0917662C720E030030AC06 /* Resources */ = {
			isa = PBXResourcesBuildPhase;
			buildActionMask = 2147483647;
			files = (
			);
			runOnlyForDeploymentPostprocessing = 0;
		};
/* End PBXResourcesBuildPhase section */

/* Begin PBXShellScriptBuildPhase section */
		1433A2AD04AF7DEE1E25B844 /* [CP] Check Pods Manifest.lock */ = {
			isa = PBXShellScriptBuildPhase;
			buildActionMask = 2147483647;
			files = (
			);
			inputFileListPaths = (
			);
			inputPaths = (
				"${PODS_PODFILE_DIR_PATH}/Podfile.lock",
				"${PODS_ROOT}/Manifest.lock",
			);
			name = "[CP] Check Pods Manifest.lock";
			outputFileListPaths = (
			);
			outputPaths = (
				"$(DERIVED_FILE_DIR)/Pods-InstagramClone-checkManifestLockResult.txt",
			);
			runOnlyForDeploymentPostprocessing = 0;
			shellPath = /bin/sh;
			shellScript = "diff \"${PODS_PODFILE_DIR_PATH}/Podfile.lock\" \"${PODS_ROOT}/Manifest.lock\" > /dev/null\nif [ $? != 0 ] ; then\n    # print error to STDERR\n    echo \"error: The sandbox is not in sync with the Podfile.lock. Run 'pod install' or update your CocoaPods installation.\" >&2\n    exit 1\nfi\n# This output is used by Xcode 'outputs' to avoid re-running this script phase.\necho \"SUCCESS\" > \"${SCRIPT_OUTPUT_FILE_0}\"\n";
			showEnvVarsInLog = 0;
		};
		1E0CD44F178AD6B9ED452030 /* [CP] Embed Pods Frameworks */ = {
			isa = PBXShellScriptBuildPhase;
			buildActionMask = 2147483647;
			files = (
			);
			inputFileListPaths = (
				"${PODS_ROOT}/Target Support Files/Pods-InstagramClone/Pods-InstagramClone-frameworks-${CONFIGURATION}-input-files.xcfilelist",
			);
			name = "[CP] Embed Pods Frameworks";
			outputFileListPaths = (
				"${PODS_ROOT}/Target Support Files/Pods-InstagramClone/Pods-InstagramClone-frameworks-${CONFIGURATION}-output-files.xcfilelist",
			);
			runOnlyForDeploymentPostprocessing = 0;
			shellPath = /bin/sh;
			shellScript = "\"${PODS_ROOT}/Target Support Files/Pods-InstagramClone/Pods-InstagramClone-frameworks.sh\"\n";
			showEnvVarsInLog = 0;
		};
		6A2EB505C9EC77DCFD5F1638 /* [CP] Embed Pods Frameworks */ = {
			isa = PBXShellScriptBuildPhase;
			buildActionMask = 2147483647;
			files = (
			);
			inputFileListPaths = (
				"${PODS_ROOT}/Target Support Files/Pods-InstagramClone-InstagramCloneUITests/Pods-InstagramClone-InstagramCloneUITests-frameworks-${CONFIGURATION}-input-files.xcfilelist",
			);
			name = "[CP] Embed Pods Frameworks";
			outputFileListPaths = (
				"${PODS_ROOT}/Target Support Files/Pods-InstagramClone-InstagramCloneUITests/Pods-InstagramClone-InstagramCloneUITests-frameworks-${CONFIGURATION}-output-files.xcfilelist",
			);
			runOnlyForDeploymentPostprocessing = 0;
			shellPath = /bin/sh;
			shellScript = "\"${PODS_ROOT}/Target Support Files/Pods-InstagramClone-InstagramCloneUITests/Pods-InstagramClone-InstagramCloneUITests-frameworks.sh\"\n";
			showEnvVarsInLog = 0;
		};
		78F7202767A59EAA965FAA93 /* [CP] Check Pods Manifest.lock */ = {
			isa = PBXShellScriptBuildPhase;
			buildActionMask = 2147483647;
			files = (
			);
			inputFileListPaths = (
			);
			inputPaths = (
				"${PODS_PODFILE_DIR_PATH}/Podfile.lock",
				"${PODS_ROOT}/Manifest.lock",
			);
			name = "[CP] Check Pods Manifest.lock";
			outputFileListPaths = (
			);
			outputPaths = (
				"$(DERIVED_FILE_DIR)/Pods-InstagramClone-InstagramCloneUITests-checkManifestLockResult.txt",
			);
			runOnlyForDeploymentPostprocessing = 0;
			shellPath = /bin/sh;
			shellScript = "diff \"${PODS_PODFILE_DIR_PATH}/Podfile.lock\" \"${PODS_ROOT}/Manifest.lock\" > /dev/null\nif [ $? != 0 ] ; then\n    # print error to STDERR\n    echo \"error: The sandbox is not in sync with the Podfile.lock. Run 'pod install' or update your CocoaPods installation.\" >&2\n    exit 1\nfi\n# This output is used by Xcode 'outputs' to avoid re-running this script phase.\necho \"SUCCESS\" > \"${SCRIPT_OUTPUT_FILE_0}\"\n";
			showEnvVarsInLog = 0;
		};
		A392F8FA3F373D4F1FFC682A /* [CP] Check Pods Manifest.lock */ = {
			isa = PBXShellScriptBuildPhase;
			buildActionMask = 2147483647;
			files = (
			);
			inputFileListPaths = (
			);
			inputPaths = (
				"${PODS_PODFILE_DIR_PATH}/Podfile.lock",
				"${PODS_ROOT}/Manifest.lock",
			);
			name = "[CP] Check Pods Manifest.lock";
			outputFileListPaths = (
			);
			outputPaths = (
				"$(DERIVED_FILE_DIR)/Pods-InstagramCloneTests-checkManifestLockResult.txt",
			);
			runOnlyForDeploymentPostprocessing = 0;
			shellPath = /bin/sh;
			shellScript = "diff \"${PODS_PODFILE_DIR_PATH}/Podfile.lock\" \"${PODS_ROOT}/Manifest.lock\" > /dev/null\nif [ $? != 0 ] ; then\n    # print error to STDERR\n    echo \"error: The sandbox is not in sync with the Podfile.lock. Run 'pod install' or update your CocoaPods installation.\" >&2\n    exit 1\nfi\n# This output is used by Xcode 'outputs' to avoid re-running this script phase.\necho \"SUCCESS\" > \"${SCRIPT_OUTPUT_FILE_0}\"\n";
			showEnvVarsInLog = 0;
		};
/* End PBXShellScriptBuildPhase section */

/* Begin PBXSourcesBuildPhase section */
		8A09174A2C720E020030AC06 /* Sources */ = {
			isa = PBXSourcesBuildPhase;
			buildActionMask = 2147483647;
			files = (
				8A0917982C721B4C0030AC06 /* ProfileUIView.swift in Sources */,
				8A0917542C720E020030AC06 /* ContentView.swift in Sources */,
				8A5D6ACC2C77C11700D6966D /* AddYourEmailUIView.swift in Sources */,
				8AF6D41F2C7E5D510008314A /* HomeViewModel.swift in Sources */,
				8A2196C02C7241BC001B4236 /* PostActionUIView.swift in Sources */,
				8ADC8A172C921F5D00093506 /* StoriesUploadUIView.swift in Sources */,
				8A5D6AD22C77C5D000D6966D /* SignUpCompleteUIView.swift in Sources */,
				8A0917922C721B1D0030AC06 /* UploadUIView.swift in Sources */,
				8A9D695F2C728A5800704814 /* SearchDefaultUIView.swift in Sources */,
				8A19BDD72C7B428C007127C1 /* AuthManager.swift in Sources */,
				8A2894582C7B61BC009B271D /* AppUser.swift in Sources */,
				8A2894562C7B6033009B271D /* DatabaseManager.swift in Sources */,
				8A19BDD92C7B467D007127C1 /* LoginViewModel.swift in Sources */,
				8A6A95B52C7FAEDE009C00EE /* Date+Extensions.swift in Sources */,
				8A6A95B22C7FAB1B009C00EE /* Post.swift in Sources */,
				8A5D6ACE2C77C2DF00D6966D /* CreatePasswordUIView.swift in Sources */,
				8A6A95B72C7FB4D0009C00EE /* PostViewModel.swift in Sources */,
				8A19BDD42C7B425F007127C1 /* ContentViewModel.swift in Sources */,
				8A9D695C2C72879100704814 /* SearchResultUIView.swift in Sources */,
				8A09179B2C7227190030AC06 /* UserStatUIView.swift in Sources */,
				8A0917952C721B3A0030AC06 /* ReelsUIView.swift in Sources */,
				8ADC8A1D2C9233DB00093506 /* StorageManager.swift in Sources */,
				8A2196C22C7248A9001B4236 /* StoryCellUIView.swift in Sources */,
				8A27CF4D2C98D021006B55ED /* EditProfileToolBar.swift in Sources */,
				8A27CF4A2C98CA98006B55ED /* EditProfileRowView.swift in Sources */,
				8A09178C2C7219200030AC06 /* HomeUIView.swift in Sources */,
				8A19BDDD2C7B4A29007127C1 /* AuthServiceProtocol.swift in Sources */,
				8A2196BC2C723DC7001B4236 /* PostCellUIView.swift in Sources */,
				8A9C77D62C767747002ACC18 /* ReelCell.swift in Sources */,
				8A6A95BC2C7FBBAD009C00EE /* StoryViewModel.swift in Sources */,
				8ADAA7C22C98AFD7005730ED /* ProfileViewModel.swift in Sources */,
				8A09178F2C721B040030AC06 /* SearchUIView.swift in Sources */,
				8A0917892C7215060030AC06 /* MainTabBarView.swift in Sources */,
				8A9C77D42C7676EF002ACC18 /* Reel.swift in Sources */,
				8ADC8A1B2C92236E00093506 /* UploadToolBar.swift in Sources */,
				8A9C77D92C767F40002ACC18 /* ReelItemUIView.swift in Sources */,
				8A28945A2C7B6269009B271D /* DatabaseConstants.swift in Sources */,
				8ADAA7BF2C98AF9C005730ED /* EditProfileUIView.swift in Sources */,
				8A2894542C7B5071009B271D /* RegisterViewModel.swift in Sources */,
				8ADC8A192C921F6900093506 /* StoriesUIView.swift in Sources */,
				8A5D6AC52C77B25D00D6966D /* LoginUIView.swift in Sources */,
				8A9D69632C72A23200704814 /* UploadViewModel.swift in Sources */,
				8A5D6AD02C77C31700D6966D /* CreateUsernameUIView.swift in Sources */,
				8A0917522C720E020030AC06 /* InstagramCloneApp.swift in Sources */,
				8A27CF472C98C67B006B55ED /* EditProfileViewModel.swift in Sources */,
				8ADAA7C62C98BD55005730ED /* ProfileButtonView.swift in Sources */,
				8A6A95BA2C7FB51F009C00EE /* Story.swift in Sources */,
			);
			runOnlyForDeploymentPostprocessing = 0;
		};
		8A09175A2C720E030030AC06 /* Sources */ = {
			isa = PBXSourcesBuildPhase;
			buildActionMask = 2147483647;
			files = (
				8A0917632C720E030030AC06 /* InstagramCloneTests.swift in Sources */,
			);
			runOnlyForDeploymentPostprocessing = 0;
		};
		8A0917642C720E030030AC06 /* Sources */ = {
			isa = PBXSourcesBuildPhase;
			buildActionMask = 2147483647;
			files = (
				8A09176D2C720E030030AC06 /* InstagramCloneUITests.swift in Sources */,
				8A09176F2C720E030030AC06 /* InstagramCloneUITestsLaunchTests.swift in Sources */,
			);
			runOnlyForDeploymentPostprocessing = 0;
		};
/* End PBXSourcesBuildPhase section */

/* Begin PBXTargetDependency section */
		8A0917602C720E030030AC06 /* PBXTargetDependency */ = {
			isa = PBXTargetDependency;
			target = 8A09174D2C720E020030AC06 /* InstagramClone */;
			targetProxy = 8A09175F2C720E030030AC06 /* PBXContainerItemProxy */;
		};
		8A09176A2C720E030030AC06 /* PBXTargetDependency */ = {
			isa = PBXTargetDependency;
			target = 8A09174D2C720E020030AC06 /* InstagramClone */;
			targetProxy = 8A0917692C720E030030AC06 /* PBXContainerItemProxy */;
		};
/* End PBXTargetDependency section */

/* Begin XCBuildConfiguration section */
		8A0917702C720E030030AC06 /* Debug */ = {
			isa = XCBuildConfiguration;
			buildSettings = {
				ALWAYS_SEARCH_USER_PATHS = NO;
				ASSETCATALOG_COMPILER_GENERATE_SWIFT_ASSET_SYMBOL_EXTENSIONS = YES;
				CLANG_ANALYZER_NONNULL = YES;
				CLANG_ANALYZER_NUMBER_OBJECT_CONVERSION = YES_AGGRESSIVE;
				CLANG_CXX_LANGUAGE_STANDARD = "gnu++20";
				CLANG_ENABLE_MODULES = YES;
				CLANG_ENABLE_OBJC_ARC = YES;
				CLANG_ENABLE_OBJC_WEAK = YES;
				CLANG_WARN_BLOCK_CAPTURE_AUTORELEASING = YES;
				CLANG_WARN_BOOL_CONVERSION = YES;
				CLANG_WARN_COMMA = YES;
				CLANG_WARN_CONSTANT_CONVERSION = YES;
				CLANG_WARN_DEPRECATED_OBJC_IMPLEMENTATIONS = YES;
				CLANG_WARN_DIRECT_OBJC_ISA_USAGE = YES_ERROR;
				CLANG_WARN_DOCUMENTATION_COMMENTS = YES;
				CLANG_WARN_EMPTY_BODY = YES;
				CLANG_WARN_ENUM_CONVERSION = YES;
				CLANG_WARN_INFINITE_RECURSION = YES;
				CLANG_WARN_INT_CONVERSION = YES;
				CLANG_WARN_NON_LITERAL_NULL_CONVERSION = YES;
				CLANG_WARN_OBJC_IMPLICIT_RETAIN_SELF = YES;
				CLANG_WARN_OBJC_LITERAL_CONVERSION = YES;
				CLANG_WARN_OBJC_ROOT_CLASS = YES_ERROR;
				CLANG_WARN_QUOTED_INCLUDE_IN_FRAMEWORK_HEADER = YES;
				CLANG_WARN_RANGE_LOOP_ANALYSIS = YES;
				CLANG_WARN_STRICT_PROTOTYPES = YES;
				CLANG_WARN_SUSPICIOUS_MOVE = YES;
				CLANG_WARN_UNGUARDED_AVAILABILITY = YES_AGGRESSIVE;
				CLANG_WARN_UNREACHABLE_CODE = YES;
				CLANG_WARN__DUPLICATE_METHOD_MATCH = YES;
				COPY_PHASE_STRIP = NO;
				DEBUG_INFORMATION_FORMAT = dwarf;
				ENABLE_STRICT_OBJC_MSGSEND = YES;
				ENABLE_TESTABILITY = YES;
				ENABLE_USER_SCRIPT_SANDBOXING = NO;
				GCC_C_LANGUAGE_STANDARD = gnu17;
				GCC_DYNAMIC_NO_PIC = NO;
				GCC_NO_COMMON_BLOCKS = YES;
				GCC_OPTIMIZATION_LEVEL = 0;
				GCC_PREPROCESSOR_DEFINITIONS = (
					"DEBUG=1",
					"$(inherited)",
				);
				GCC_WARN_64_TO_32_BIT_CONVERSION = YES;
				GCC_WARN_ABOUT_RETURN_TYPE = YES_ERROR;
				GCC_WARN_UNDECLARED_SELECTOR = YES;
				GCC_WARN_UNINITIALIZED_AUTOS = YES_AGGRESSIVE;
				GCC_WARN_UNUSED_FUNCTION = YES;
				GCC_WARN_UNUSED_VARIABLE = YES;
				IPHONEOS_DEPLOYMENT_TARGET = 17.5;
				LOCALIZATION_PREFERS_STRING_CATALOGS = YES;
				MTL_ENABLE_DEBUG_INFO = INCLUDE_SOURCE;
				MTL_FAST_MATH = YES;
				ONLY_ACTIVE_ARCH = YES;
				SDKROOT = iphoneos;
				SWIFT_ACTIVE_COMPILATION_CONDITIONS = "DEBUG $(inherited)";
				SWIFT_OPTIMIZATION_LEVEL = "-Onone";
			};
			name = Debug;
		};
		8A0917712C720E030030AC06 /* Release */ = {
			isa = XCBuildConfiguration;
			buildSettings = {
				ALWAYS_SEARCH_USER_PATHS = NO;
				ASSETCATALOG_COMPILER_GENERATE_SWIFT_ASSET_SYMBOL_EXTENSIONS = YES;
				CLANG_ANALYZER_NONNULL = YES;
				CLANG_ANALYZER_NUMBER_OBJECT_CONVERSION = YES_AGGRESSIVE;
				CLANG_CXX_LANGUAGE_STANDARD = "gnu++20";
				CLANG_ENABLE_MODULES = YES;
				CLANG_ENABLE_OBJC_ARC = YES;
				CLANG_ENABLE_OBJC_WEAK = YES;
				CLANG_WARN_BLOCK_CAPTURE_AUTORELEASING = YES;
				CLANG_WARN_BOOL_CONVERSION = YES;
				CLANG_WARN_COMMA = YES;
				CLANG_WARN_CONSTANT_CONVERSION = YES;
				CLANG_WARN_DEPRECATED_OBJC_IMPLEMENTATIONS = YES;
				CLANG_WARN_DIRECT_OBJC_ISA_USAGE = YES_ERROR;
				CLANG_WARN_DOCUMENTATION_COMMENTS = YES;
				CLANG_WARN_EMPTY_BODY = YES;
				CLANG_WARN_ENUM_CONVERSION = YES;
				CLANG_WARN_INFINITE_RECURSION = YES;
				CLANG_WARN_INT_CONVERSION = YES;
				CLANG_WARN_NON_LITERAL_NULL_CONVERSION = YES;
				CLANG_WARN_OBJC_IMPLICIT_RETAIN_SELF = YES;
				CLANG_WARN_OBJC_LITERAL_CONVERSION = YES;
				CLANG_WARN_OBJC_ROOT_CLASS = YES_ERROR;
				CLANG_WARN_QUOTED_INCLUDE_IN_FRAMEWORK_HEADER = YES;
				CLANG_WARN_RANGE_LOOP_ANALYSIS = YES;
				CLANG_WARN_STRICT_PROTOTYPES = YES;
				CLANG_WARN_SUSPICIOUS_MOVE = YES;
				CLANG_WARN_UNGUARDED_AVAILABILITY = YES_AGGRESSIVE;
				CLANG_WARN_UNREACHABLE_CODE = YES;
				CLANG_WARN__DUPLICATE_METHOD_MATCH = YES;
				COPY_PHASE_STRIP = NO;
				DEBUG_INFORMATION_FORMAT = "dwarf-with-dsym";
				ENABLE_NS_ASSERTIONS = NO;
				ENABLE_STRICT_OBJC_MSGSEND = YES;
				ENABLE_USER_SCRIPT_SANDBOXING = NO;
				GCC_C_LANGUAGE_STANDARD = gnu17;
				GCC_NO_COMMON_BLOCKS = YES;
				GCC_WARN_64_TO_32_BIT_CONVERSION = YES;
				GCC_WARN_ABOUT_RETURN_TYPE = YES_ERROR;
				GCC_WARN_UNDECLARED_SELECTOR = YES;
				GCC_WARN_UNINITIALIZED_AUTOS = YES_AGGRESSIVE;
				GCC_WARN_UNUSED_FUNCTION = YES;
				GCC_WARN_UNUSED_VARIABLE = YES;
				IPHONEOS_DEPLOYMENT_TARGET = 17.5;
				LOCALIZATION_PREFERS_STRING_CATALOGS = YES;
				MTL_ENABLE_DEBUG_INFO = NO;
				MTL_FAST_MATH = YES;
				SDKROOT = iphoneos;
				SWIFT_COMPILATION_MODE = wholemodule;
				VALIDATE_PRODUCT = YES;
			};
			name = Release;
		};
		8A0917732C720E030030AC06 /* Debug */ = {
			isa = XCBuildConfiguration;
			baseConfigurationReference = D21749654268BE24867719C1 /* Pods-InstagramClone.debug.xcconfig */;
			buildSettings = {
				ASSETCATALOG_COMPILER_APPICON_NAME = AppIcon;
				ASSETCATALOG_COMPILER_GLOBAL_ACCENT_COLOR_NAME = AccentColor;
				CODE_SIGN_STYLE = Automatic;
				CURRENT_PROJECT_VERSION = 1;
				DEVELOPMENT_ASSET_PATHS = "\"InstagramClone/Preview Content\"";
				ENABLE_PREVIEWS = YES;
				GENERATE_INFOPLIST_FILE = YES;
				INFOPLIST_KEY_UIApplicationSceneManifest_Generation = YES;
				INFOPLIST_KEY_UIApplicationSupportsIndirectInputEvents = YES;
				INFOPLIST_KEY_UILaunchScreen_Generation = YES;
				INFOPLIST_KEY_UISupportedInterfaceOrientations_iPad = "UIInterfaceOrientationPortrait UIInterfaceOrientationPortraitUpsideDown UIInterfaceOrientationLandscapeLeft UIInterfaceOrientationLandscapeRight";
				INFOPLIST_KEY_UISupportedInterfaceOrientations_iPhone = "UIInterfaceOrientationPortrait UIInterfaceOrientationLandscapeLeft UIInterfaceOrientationLandscapeRight";
				LD_RUNPATH_SEARCH_PATHS = (
					"$(inherited)",
					"@executable_path/Frameworks",
				);
				MARKETING_VERSION = 1.0;
				PRODUCT_BUNDLE_IDENTIFIER = com.bum.InstagramClone;
				PRODUCT_NAME = "$(TARGET_NAME)";
				SWIFT_EMIT_LOC_STRINGS = YES;
				SWIFT_VERSION = 5.0;
				TARGETED_DEVICE_FAMILY = "1,2";
			};
			name = Debug;
		};
		8A0917742C720E030030AC06 /* Release */ = {
			isa = XCBuildConfiguration;
			baseConfigurationReference = E78ABAE9A63F127AFAA6F948 /* Pods-InstagramClone.release.xcconfig */;
			buildSettings = {
				ASSETCATALOG_COMPILER_APPICON_NAME = AppIcon;
				ASSETCATALOG_COMPILER_GLOBAL_ACCENT_COLOR_NAME = AccentColor;
				CODE_SIGN_STYLE = Automatic;
				CURRENT_PROJECT_VERSION = 1;
				DEVELOPMENT_ASSET_PATHS = "\"InstagramClone/Preview Content\"";
				ENABLE_PREVIEWS = YES;
				GENERATE_INFOPLIST_FILE = YES;
				INFOPLIST_KEY_UIApplicationSceneManifest_Generation = YES;
				INFOPLIST_KEY_UIApplicationSupportsIndirectInputEvents = YES;
				INFOPLIST_KEY_UILaunchScreen_Generation = YES;
				INFOPLIST_KEY_UISupportedInterfaceOrientations_iPad = "UIInterfaceOrientationPortrait UIInterfaceOrientationPortraitUpsideDown UIInterfaceOrientationLandscapeLeft UIInterfaceOrientationLandscapeRight";
				INFOPLIST_KEY_UISupportedInterfaceOrientations_iPhone = "UIInterfaceOrientationPortrait UIInterfaceOrientationLandscapeLeft UIInterfaceOrientationLandscapeRight";
				LD_RUNPATH_SEARCH_PATHS = (
					"$(inherited)",
					"@executable_path/Frameworks",
				);
				MARKETING_VERSION = 1.0;
				PRODUCT_BUNDLE_IDENTIFIER = com.bum.InstagramClone;
				PRODUCT_NAME = "$(TARGET_NAME)";
				SWIFT_EMIT_LOC_STRINGS = YES;
				SWIFT_VERSION = 5.0;
				TARGETED_DEVICE_FAMILY = "1,2";
			};
			name = Release;
		};
		8A0917762C720E030030AC06 /* Debug */ = {
			isa = XCBuildConfiguration;
			baseConfigurationReference = 2DF55997510AC8D54EF6DA3F /* Pods-InstagramCloneTests.debug.xcconfig */;
			buildSettings = {
				ALWAYS_EMBED_SWIFT_STANDARD_LIBRARIES = YES;
				BUNDLE_LOADER = "$(TEST_HOST)";
				CODE_SIGN_STYLE = Automatic;
				CURRENT_PROJECT_VERSION = 1;
				GENERATE_INFOPLIST_FILE = YES;
				IPHONEOS_DEPLOYMENT_TARGET = 17.5;
				MARKETING_VERSION = 1.0;
				PRODUCT_BUNDLE_IDENTIFIER = com.bum.InstagramCloneTests;
				PRODUCT_NAME = "$(TARGET_NAME)";
				SWIFT_EMIT_LOC_STRINGS = NO;
				SWIFT_VERSION = 5.0;
				TARGETED_DEVICE_FAMILY = "1,2";
				TEST_HOST = "$(BUILT_PRODUCTS_DIR)/InstagramClone.app/$(BUNDLE_EXECUTABLE_FOLDER_PATH)/InstagramClone";
			};
			name = Debug;
		};
		8A0917772C720E030030AC06 /* Release */ = {
			isa = XCBuildConfiguration;
			baseConfigurationReference = 2273EEE14F909FF9C60FBEE7 /* Pods-InstagramCloneTests.release.xcconfig */;
			buildSettings = {
				ALWAYS_EMBED_SWIFT_STANDARD_LIBRARIES = YES;
				BUNDLE_LOADER = "$(TEST_HOST)";
				CODE_SIGN_STYLE = Automatic;
				CURRENT_PROJECT_VERSION = 1;
				GENERATE_INFOPLIST_FILE = YES;
				IPHONEOS_DEPLOYMENT_TARGET = 17.5;
				MARKETING_VERSION = 1.0;
				PRODUCT_BUNDLE_IDENTIFIER = com.bum.InstagramCloneTests;
				PRODUCT_NAME = "$(TARGET_NAME)";
				SWIFT_EMIT_LOC_STRINGS = NO;
				SWIFT_VERSION = 5.0;
				TARGETED_DEVICE_FAMILY = "1,2";
				TEST_HOST = "$(BUILT_PRODUCTS_DIR)/InstagramClone.app/$(BUNDLE_EXECUTABLE_FOLDER_PATH)/InstagramClone";
			};
			name = Release;
		};
		8A0917792C720E030030AC06 /* Debug */ = {
			isa = XCBuildConfiguration;
			baseConfigurationReference = 296346C5699D57C7CE124A0E /* Pods-InstagramClone-InstagramCloneUITests.debug.xcconfig */;
			buildSettings = {
				ALWAYS_EMBED_SWIFT_STANDARD_LIBRARIES = YES;
				CODE_SIGN_STYLE = Automatic;
				CURRENT_PROJECT_VERSION = 1;
				GENERATE_INFOPLIST_FILE = YES;
				MARKETING_VERSION = 1.0;
				PRODUCT_BUNDLE_IDENTIFIER = com.bum.InstagramCloneUITests;
				PRODUCT_NAME = "$(TARGET_NAME)";
				SWIFT_EMIT_LOC_STRINGS = NO;
				SWIFT_VERSION = 5.0;
				TARGETED_DEVICE_FAMILY = "1,2";
				TEST_TARGET_NAME = InstagramClone;
			};
			name = Debug;
		};
		8A09177A2C720E030030AC06 /* Release */ = {
			isa = XCBuildConfiguration;
			baseConfigurationReference = 5A7A72EDB62C37C0A6579395 /* Pods-InstagramClone-InstagramCloneUITests.release.xcconfig */;
			buildSettings = {
				ALWAYS_EMBED_SWIFT_STANDARD_LIBRARIES = YES;
				CODE_SIGN_STYLE = Automatic;
				CURRENT_PROJECT_VERSION = 1;
				GENERATE_INFOPLIST_FILE = YES;
				MARKETING_VERSION = 1.0;
				PRODUCT_BUNDLE_IDENTIFIER = com.bum.InstagramCloneUITests;
				PRODUCT_NAME = "$(TARGET_NAME)";
				SWIFT_EMIT_LOC_STRINGS = NO;
				SWIFT_VERSION = 5.0;
				TARGETED_DEVICE_FAMILY = "1,2";
				TEST_TARGET_NAME = InstagramClone;
			};
			name = Release;
		};
/* End XCBuildConfiguration section */

/* Begin XCConfigurationList section */
		8A0917492C720E020030AC06 /* Build configuration list for PBXProject "InstagramClone" */ = {
			isa = XCConfigurationList;
			buildConfigurations = (
				8A0917702C720E030030AC06 /* Debug */,
				8A0917712C720E030030AC06 /* Release */,
			);
			defaultConfigurationIsVisible = 0;
			defaultConfigurationName = Release;
		};
		8A0917722C720E030030AC06 /* Build configuration list for PBXNativeTarget "InstagramClone" */ = {
			isa = XCConfigurationList;
			buildConfigurations = (
				8A0917732C720E030030AC06 /* Debug */,
				8A0917742C720E030030AC06 /* Release */,
			);
			defaultConfigurationIsVisible = 0;
			defaultConfigurationName = Release;
		};
		8A0917752C720E030030AC06 /* Build configuration list for PBXNativeTarget "InstagramCloneTests" */ = {
			isa = XCConfigurationList;
			buildConfigurations = (
				8A0917762C720E030030AC06 /* Debug */,
				8A0917772C720E030030AC06 /* Release */,
			);
			defaultConfigurationIsVisible = 0;
			defaultConfigurationName = Release;
		};
		8A0917782C720E030030AC06 /* Build configuration list for PBXNativeTarget "InstagramCloneUITests" */ = {
			isa = XCConfigurationList;
			buildConfigurations = (
				8A0917792C720E030030AC06 /* Debug */,
				8A09177A2C720E030030AC06 /* Release */,
			);
			defaultConfigurationIsVisible = 0;
			defaultConfigurationName = Release;
		};
/* End XCConfigurationList section */
	};
	rootObject = 8A0917462C720E020030AC06 /* Project object */;
}
